
Microsoft Visual Studio Solution File, Format Version 12.00
# Visual Studio 15
Project("{FAE04EC0-301F-11D3-BF4B-00C04F79EFBC}") = "Arcade demo 1", "Assembly-CSharp.csproj", "{CD7094D0-1407-DB36-C5AC-EF9DDB1CB601}"
EndProject
Global
	GlobalSection(SolutionConfigurationPlatforms) = preSolution
		Debug|Any CPU = Debug|Any CPU
		Release|Any CPU = Release|Any CPU
	EndGlobalSection
	GlobalSection(ProjectConfigurationPlatforms) = postSolution
		{CD7094D0-1407-DB36-C5AC-EF9DDB1CB601}.Debug|Any CPU.ActiveCfg = Debug|Any CPU
		{CD7094D0-1407-DB36-C5AC-EF9DDB1CB601}.Debug|Any CPU.Build.0 = Debug|Any CPU
		{CD7094D0-1407-DB36-C5AC-EF9DDB1CB601}.Release|Any CPU.ActiveCfg = Release|Any CPU
		{CD7094D0-1407-DB36-C5AC-EF9DDB1CB601}.Release|Any CPU.Build.0 = Release|Any CPU
	EndGlobalSection
	GlobalSection(SolutionProperties) = preSolution
		HideSolutionNode = FALSE
	EndGlobalSection
EndGlobal
